Microsoft Visual Studio Solution File, Format Version 12.00
# Visual Studio Version 17
VisualStudioVersion = 17.5.2.0
MinimumVisualStudioVersion = 10.0.40219.1
Project("{FAE04EC0-301F-11D3-BF4B-00C04F79EFBC}") = "CadastroEstudanteApi32510087", "CadastroEstudanteApi32510087.csproj", "{B5AC97A0-69AD-42B4-A5E6-0C4275D63503}"
EndProject
Global
	GlobalSection(SolutionConfigurationPlatforms) = preSolution
		Debug|Any CPU = Debug|Any CPU
		Release|Any CPU = Release|Any CPU
	EndGlobalSection
	GlobalSection(ProjectConfigurationPlatforms) = postSolution
		{B5AC97A0-69AD-42B4-A5E6-0C4275D63503}.Debug|Any CPU.ActiveCfg = Debug|Any CPU
		{B5AC97A0-69AD-42B4-A5E6-0C4275D63503}.Debug|Any CPU.Build.0 = Debug|Any CPU
		{B5AC97A0-69AD-42B4-A5E6-0C4275D63503}.Release|Any CPU.ActiveCfg = Release|Any CPU
		{B5AC97A0-69AD-42B4-A5E6-0C4275D63503}.Release|Any CPU.Build.0 = Release|Any CPU
	EndGlobalSection
	GlobalSection(SolutionProperties) = preSolution
		HideSolutionNode = FALSE
	EndGlobalSection
	GlobalSection(ExtensibilityGlobals) = postSolution
		SolutionGuid = {908BB32B-DECC-441E-8436-2E131762DDB9}
	EndGlobalSection
EndGlobal
